<?xml version="1.0" encoding="utf-8"?>
<Project ToolsVersion="4.0" xmlns="http://schemas.microsoft.com/developer/msbuild/2003">
  <ItemGroup>
    <Filter Include="Source Files">
      <UniqueIdentifier>{4FC737F1-C7A5-4376-A066-2A32D752A2FF}</UniqueIdentifier>
      <Extensions>cpp;c;cc;cxx;def;odl;idl;hpj;bat;asm;asmx</Extensions>
    </Filter>
    <Filter Include="Header Files">
      <UniqueIdentifier>{93995380-89BD-4b04-88EB-625FBE52EBFB}</UniqueIdentifier>
      <Extensions>h;hh;hpp;hxx;hm;inl;inc;xsd</Extensions>
    </Filter>
    <Filter Include="Resource Files">
      <UniqueIdentifier>{67DA6AB6-F800-4c08-8B7A-83BB121AAD01}</UniqueIdentifier>
      <Extensions>rc;ico;cur;bmp;dlg;rc2;rct;bin;rgs;gif;jpg;jpeg;jpe;resx;tiff;tif;png;wav;mfcribbon-ms</Extensions>
    </Filter>
  </ItemGroup>
  <ItemGroup>
    <ClCompile Include="src\3SumClosest.cpp">
      <Filter>Source Files</Filter>
    </ClCompile>
    <ClCompile Include="src\AddDigits.cpp">
      <Filter>Source Files</Filter>
    </ClCompile>
    <ClCompile Include="src\AdditiveNumber.cpp">
      <Filter>Source Files</Filter>
    </ClCompile>
    <ClCompile Include="src\AddTowNumbers.cpp">
      <Filter>Source Files</Filter>
    </ClCompile>
    <ClCompile Include="src\BestTimeToBuyAndSellStock.cpp">
      <Filter>Source Files</Filter>
    </ClCompile>
    <ClCompile Include="src\BestTimeToBuyAndSellStockII.cpp">
      <Filter>Source Files</Filter>
    </ClCompile>
    <ClCompile Include="src\BestTimeToBuyAndSellStockIII.cpp">
      <Filter>Source Files</Filter>
    </ClCompile>
    <ClCompile Include="src\BestTimetoBuyandSellStockwithCooldown.cpp">
      <Filter>Source Files</Filter>
    </ClCompile>
    <ClCompile Include="src\BinaryTreePostorderTraversal.cpp">
      <Filter>Source Files</Filter>
    </ClCompile>
    <ClCompile Include="src\BinaryTreePreoderTraversal.cpp">
      <Filter>Source Files</Filter>
    </ClCompile>
    <ClCompile Include="src\BulkSwitcher.cpp">
      <Filter>Source Files</Filter>
    </ClCompile>
    <ClCompile Include="src\BullsAndCows.cpp">
      <Filter>Source Files</Filter>
    </ClCompile>
    <ClCompile Include="src\Candy.cpp">
      <Filter>Source Files</Filter>
    </ClCompile>
    <ClCompile Include="src\CloneGraph.cpp">
      <Filter>Source Files</Filter>
    </ClCompile>
    <ClCompile Include="src\CombinationSum.cpp">
      <Filter>Source Files</Filter>
    </ClCompile>
    <ClCompile Include="src\CombinationSumII.cpp">
      <Filter>Source Files</Filter>
    </ClCompile>
    <ClCompile Include="src\CompareVersionNumbers.cpp">
      <Filter>Source Files</Filter>
    </ClCompile>
    <ClCompile Include="src\ConvertSortedArrayToBinarySearchTree.cpp">
      <Filter>Source Files</Filter>
    </ClCompile>
    <ClCompile Include="src\ConvertSortedListToBinarySearchTree.cpp">
      <Filter>Source Files</Filter>
    </ClCompile>
    <ClCompile Include="src\CopyWithRandomPointer.cpp">
      <Filter>Source Files</Filter>
    </ClCompile>
    <ClCompile Include="src\DivideTwoIntegers.cpp">
      <Filter>Source Files</Filter>
    </ClCompile>
    <ClCompile Include="src\DungeonGame.cpp">
      <Filter>Source Files</Filter>
    </ClCompile>
    <ClCompile Include="src\EvaluateReversePolishNotation.cpp">
      <Filter>Source Files</Filter>
    </ClCompile>
    <ClCompile Include="src\ExcelSheetColumnTitle.cpp">
      <Filter>Source Files</Filter>
    </ClCompile>
    <ClCompile Include="src\FindMedianFromDataStream.cpp">
      <Filter>Source Files</Filter>
    </ClCompile>
    <ClCompile Include="src\FindMinimuminRotatedSortedArray.cpp">
      <Filter>Source Files</Filter>
    </ClCompile>
    <ClCompile Include="src\FindMinimuminRotatedSortedArrayII.cpp">
      <Filter>Source Files</Filter>
    </ClCompile>
    <ClCompile Include="src\FindPeakElement.cpp">
      <Filter>Source Files</Filter>
    </ClCompile>
    <ClCompile Include="src\FractiontoRecurringDecimal.cpp">
      <Filter>Source Files</Filter>
    </ClCompile>
    <ClCompile Include="src\GasStation.cpp">
      <Filter>Source Files</Filter>
    </ClCompile>
    <ClCompile Include="src\InsertionSortedList.cpp">
      <Filter>Source Files</Filter>
    </ClCompile>
    <ClCompile Include="src\IntersectionofTwoLinkedList.cpp">
      <Filter>Source Files</Filter>
    </ClCompile>
    <ClCompile Include="src\LinkedListCycle.cpp">
      <Filter>Source Files</Filter>
    </ClCompile>
    <ClCompile Include="src\LinkedListCycleII.cpp">
      <Filter>Source Files</Filter>
    </ClCompile>
    <ClCompile Include="src\LogestConsecutiveSequence.cpp">
      <Filter>Source Files</Filter>
    </ClCompile>
    <ClCompile Include="src\LogestPalindromicSubstring.cpp">
      <Filter>Source Files</Filter>
    </ClCompile>
    <ClCompile Include="src\LongestIncreasingSubsequence.cpp">
      <Filter>Source Files</Filter>
    </ClCompile>
    <ClCompile Include="src\LRUCache.cpp">
      <Filter>Source Files</Filter>
    </ClCompile>
    <ClCompile Include="src\MainEntry.cpp">
      <Filter>Source Files</Filter>
    </ClCompile>
    <ClCompile Include="src\MajorityElement.cpp">
      <Filter>Source Files</Filter>
    </ClCompile>
    <ClCompile Include="src\MaximumDepthofBinaryTree.cpp">
      <Filter>Source Files</Filter>
    </ClCompile>
    <ClCompile Include="src\MaximumGap.cpp">
      <Filter>Source Files</Filter>
    </ClCompile>
    <ClCompile Include="src\MaximumProductofWordLengths.cpp">
      <Filter>Source Files</Filter>
    </ClCompile>
    <ClCompile Include="src\MaximumProductSubarray.cpp">
      <Filter>Source Files</Filter>
    </ClCompile>
    <ClCompile Include="src\MaxPointsonaLine.cpp">
      <Filter>Source Files</Filter>
    </ClCompile>
    <ClCompile Include="src\MinStack.cpp">
      <Filter>Source Files</Filter>
    </ClCompile>
    <ClCompile Include="src\MinumumHeightTree.cpp">
      <Filter>Source Files</Filter>
    </ClCompile>
    <ClCompile Include="src\MinumunSizeSubarraySum.cpp">
      <Filter>Source Files</Filter>
    </ClCompile>
    <ClCompile Include="src\MoveZeroes.cpp">
      <Filter>Source Files</Filter>
    </ClCompile>
    <ClCompile Include="src\NimGame.cpp">
      <Filter>Source Files</Filter>
    </ClCompile>
    <ClCompile Include="src\PalindromeLinkedList.cpp">
      <Filter>Source Files</Filter>
    </ClCompile>
    <ClCompile Include="src\PalindromeNumber.cpp">
      <Filter>Source Files</Filter>
    </ClCompile>
    <ClCompile Include="src\PalindromePartition.cpp">
      <Filter>Source Files</Filter>
    </ClCompile>
    <ClCompile Include="src\PalindromePartitioningII.cpp">
      <Filter>Source Files</Filter>
    </ClCompile>
    <ClCompile Include="src\Permutations.cpp">
      <Filter>Source Files</Filter>
    </ClCompile>
    <ClCompile Include="src\PermutationSequence.cpp">
      <Filter>Source Files</Filter>
    </ClCompile>
    <ClCompile Include="src\RangeSumQuery.cpp">
      <Filter>Source Files</Filter>
    </ClCompile>
    <ClCompile Include="src\RangeSumQuery2D.cpp">
      <Filter>Source Files</Filter>
    </ClCompile>
    <ClCompile Include="src\RangSumQueryMutable.cpp">
      <Filter>Source Files</Filter>
    </ClCompile>
    <ClCompile Include="src\RegularExpressionMatching.cpp">
      <Filter>Source Files</Filter>
    </ClCompile>
    <ClCompile Include="src\RegularExpressionMatching1.cpp">
      <Filter>Source Files</Filter>
    </ClCompile>
    <ClCompile Include="src\RemoveDuplicateLetters.cpp">
      <Filter>Source Files</Filter>
    </ClCompile>
    <ClCompile Include="src\RemoveDuplicatesfromSortedArray.cpp">
      <Filter>Source Files</Filter>
    </ClCompile>
    <ClCompile Include="src\RemoveInvalidParenthesis.cpp">
      <Filter>Source Files</Filter>
    </ClCompile>
    <ClCompile Include="src\ReorderList.cpp">
      <Filter>Source Files</Filter>
    </ClCompile>
    <ClCompile Include="src\ReverseWordsinaString.cpp">
      <Filter>Source Files</Filter>
    </ClCompile>
    <ClCompile Include="src\SerializeAndDeserializeBinaryTree.cpp">
      <Filter>Source Files</Filter>
    </ClCompile>
    <ClCompile Include="src\SingleNumber.cpp">
      <Filter>Source Files</Filter>
    </ClCompile>
    <ClCompile Include="src\SingleNumberII.cpp">
      <Filter>Source Files</Filter>
    </ClCompile>
    <ClCompile Include="src\SingleNumberIII.cpp">
      <Filter>Source Files</Filter>
    </ClCompile>
    <ClCompile Include="src\SortList.cpp">
      <Filter>Source Files</Filter>
    </ClCompile>
    <ClCompile Include="src\SqrtX.cpp">
      <Filter>Source Files</Filter>
    </ClCompile>
    <ClCompile Include="src\StringtoInteger.cpp">
      <Filter>Source Files</Filter>
    </ClCompile>
    <ClCompile Include="src\SumRoottoLeafNumbers.cpp">
      <Filter>Source Files</Filter>
    </ClCompile>
    <ClCompile Include="src\SuperUglyNumber.cpp">
      <Filter>Source Files</Filter>
    </ClCompile>
    <ClCompile Include="src\TwoSum.cpp">
      <Filter>Source Files</Filter>
    </ClCompile>
    <ClCompile Include="src\TwoSumcpp.cpp">
      <Filter>Source Files</Filter>
    </ClCompile>
    <ClCompile Include="src\UglyNumber.cpp">
      <Filter>Source Files</Filter>
    </ClCompile>
    <ClCompile Include="src\UglyNumberII.cpp">
      <Filter>Source Files</Filter>
    </ClCompile>
    <ClCompile Include="src\ValidNumber.cpp">
      <Filter>Source Files</Filter>
    </ClCompile>
    <ClCompile Include="src\ValidPalindrome.cpp">
      <Filter>Source Files</Filter>
    </ClCompile>
    <ClCompile Include="src\WordBreak.cpp">
      <Filter>Source Files</Filter>
    </ClCompile>
    <ClCompile Include="src\WordBreakII.cpp">
      <Filter>Source Files</Filter>
    </ClCompile>
    <ClCompile Include="src\WordLadder.cpp">
      <Filter>Source Files</Filter>
    </ClCompile>
    <ClCompile Include="src\WordLadderII.cpp">
      <Filter>Source Files</Filter>
    </ClCompile>
    <ClCompile Include="src\WordPattern.cpp">
      <Filter>Source Files</Filter>
    </ClCompile>
    <ClCompile Include="src\ExcelSheetColumnNumber.cpp">
      <Filter>Source Files</Filter>
    </ClCompile>
    <ClCompile Include="src\FactorialTrailingZeroes.cpp">
      <Filter>Source Files</Filter>
    </ClCompile>
    <ClCompile Include="src\BinarySearchTreeIterator.cpp">
      <Filter>Source Files</Filter>
    </ClCompile>
    <ClCompile Include="src\LargestNumber.cpp">
      <Filter>Source Files</Filter>
    </ClCompile>
    <ClCompile Include="src\RepeatedDNASequences.cpp">
      <Filter>Source Files</Filter>
    </ClCompile>
    <ClCompile Include="src\BestTimetoBuyandSellStockIV.cpp">
      <Filter>Source Files</Filter>
    </ClCompile>
    <ClCompile Include="src\Numberof1Bits.cpp">
      <Filter>Source Files</Filter>
    </ClCompile>
    <ClCompile Include="src\PatchingArray.cpp">
      <Filter>Source Files</Filter>
    </ClCompile>
    <ClCompile Include="src\3Sum.cpp">
      <Filter>Source Files</Filter>
    </ClCompile>
    <ClCompile Include="src\LongestIncreasingPathinaMatrix.cpp">
      <Filter>Source Files</Filter>
    </ClCompile>
    <ClCompile Include="src\OddEvenLinkedList.cpp">
      <Filter>Source Files</Filter>
    </ClCompile>
    <ClCompile Include="src\CountofRangeSum.cpp">
      <Filter>Source Files</Filter>
    </ClCompile>
    <ClCompile Include="src\CountofSmallerNumbersAfterSelf.cpp">
      <Filter>Source Files</Filter>
    </ClCompile>
    <ClCompile Include="src\LongestSubstringWithoutRepeatingCharacters.cpp">
      <Filter>Source Files</Filter>
    </ClCompile>
    <ClCompile Include="src\KthLargestElemantinanArray.cpp">
      <Filter>Source Files</Filter>
    </ClCompile>
    <ClCompile Include="src\WiggleSortII.cpp">
      <Filter>Source Files</Filter>
    </ClCompile>
    <ClCompile Include="src\CoinChange.cpp">
      <Filter>Source Files</Filter>
    </ClCompile>
    <ClCompile Include="src\BurstBallons.cpp">
      <Filter>Source Files</Filter>
    </ClCompile>
    <ClCompile Include="src\FindtheDuplicateNumber.cpp">
      <Filter>Source Files</Filter>
    </ClCompile>
    <ClCompile Include="src\FirstMissingPositive.cpp">
      <Filter>Source Files</Filter>
    </ClCompile>
    <ClCompile Include="src\RotateArray.cpp">
      <Filter>Source Files</Filter>
    </ClCompile>
    <ClCompile Include="src\ReverseBits.cpp">
      <Filter>Source Files</Filter>
    </ClCompile>
    <ClCompile Include="src\HouseRobber.cpp">
      <Filter>Source Files</Filter>
    </ClCompile>
    <ClCompile Include="src\HouseRobberII.cpp">
      <Filter>Source Files</Filter>
    </ClCompile>
    <ClCompile Include="src\BinaryTreeRightSideView.cpp">
      <Filter>Source Files</Filter>
    </ClCompile>
    <ClCompile Include="src\NumberofIslands.cpp">
      <Filter>Source Files</Filter>
    </ClCompile>
    <ClCompile Include="src\BitwiseANDofNumbersRange.cpp">
      <Filter>Source Files</Filter>
    </ClCompile>
    <ClCompile Include="src\HappyNumber.cpp">
      <Filter>Source Files</Filter>
    </ClCompile>
    <ClCompile Include="src\RemoveLinkedListElement.cpp">
      <Filter>Source Files</Filter>
    </ClCompile>
    <ClCompile Include="src\CountPrimes.cpp">
      <Filter>Source Files</Filter>
    </ClCompile>
    <ClCompile Include="src\IsomorphicStrings.cpp">
      <Filter>Source Files</Filter>
    </ClCompile>
    <ClCompile Include="src\CourseSchedule.cpp">
      <Filter>Source Files</Filter>
    </ClCompile>
    <ClCompile Include="src\CourseScheduleII.cpp">
      <Filter>Source Files</Filter>
    </ClCompile>
    <ClCompile Include="src\ImplementTrie.cpp">
      <Filter>Source Files</Filter>
    </ClCompile>
    <ClCompile Include="src\AddandSearchWord.cpp">
      <Filter>Source Files</Filter>
    </ClCompile>
    <ClCompile Include="src\WordSearchII.cpp">
      <Filter>Source Files</Filter>
    </ClCompile>
    <ClCompile Include="src\ShortestPalindrome.cpp">
      <Filter>Source Files</Filter>
    </ClCompile>
    <ClCompile Include="src\CombinationSumIII.cpp">
      <Filter>Source Files</Filter>
    </ClCompile>
    <ClCompile Include="src\ContainsDupliates.cpp">
      <Filter>Source Files</Filter>
    </ClCompile>
    <ClCompile Include="src\ContainsDuplicateII.cpp">
      <Filter>Source Files</Filter>
    </ClCompile>
    <ClCompile Include="src\ContainsDuplicateIII.cpp">
      <Filter>Source Files</Filter>
    </ClCompile>
    <ClCompile Include="src\BasicCalculator.cpp">
      <Filter>Source Files</Filter>
    </ClCompile>
    <ClCompile Include="src\CountCompleteTreeNodes.cpp">
      <Filter>Source Files</Filter>
    </ClCompile>
    <ClCompile Include="src\MaximalSquare.cpp">
      <Filter>Source Files</Filter>
    </ClCompile>
    <ClCompile Include="src\PerfectSquare.cpp">
      <Filter>Source Files</Filter>
    </ClCompile>
    <ClCompile Include="src\RectangleArea.cpp">
      <Filter>Source Files</Filter>
    </ClCompile>
    <ClCompile Include="src\ImplementStackUsingQueues.cpp">
      <Filter>Source Files</Filter>
    </ClCompile>
    <ClCompile Include="src\InvertBinaryTree.cpp">
      <Filter>Source Files</Filter>
    </ClCompile>
    <ClCompile Include="src\BasicCalculatorII.cpp">
      <Filter>Source Files</Filter>
    </ClCompile>
    <ClCompile Include="src\VerifyPreorderSerializationofaBinaryTree.cpp">
      <Filter>Source Files</Filter>
    </ClCompile>
    <ClCompile Include="src\HouseRobberIII.cpp">
      <Filter>Source Files</Filter>
    </ClCompile>
    <ClCompile Include="src\PermutationII.cpp">
      <Filter>Source Files</Filter>
    </ClCompile>
    <ClCompile Include="src\FlattenBinaryTreetoLinkedList.cpp">
      <Filter>Source Files</Filter>
    </ClCompile>
    <ClCompile Include="src\CountingBits.cpp">
      <Filter>Source Files</Filter>
    </ClCompile>
    <ClCompile Include="src\PalindromePairs.cpp">
      <Filter>Source Files</Filter>
    </ClCompile>
    <ClCompile Include="src\SummaryRanges.cpp">
      <Filter>Source Files</Filter>
    </ClCompile>
    <ClCompile Include="src\MajorElementII.cpp">
      <Filter>Source Files</Filter>
    </ClCompile>
    <ClCompile Include="src\ImplementQueueUsingStack.cpp">
      <Filter>Source Files</Filter>
    </ClCompile>
    <ClCompile Include="src\NumberofDigitOne.cpp">
      <Filter>Source Files</Filter>
    </ClCompile>
    <ClCompile Include="src\PowerofTwo.cpp">
      <Filter>Source Files</Filter>
    </ClCompile>
    <ClCompile Include="src\DifferentWaystoAddParenthesis.cpp">
      <Filter>Source Files</Filter>
    </ClCompile>
    <ClCompile Include="src\IncreastingTripletSubsequence.cpp">
      <Filter>Source Files</Filter>
    </ClCompile>
    <ClCompile Include="src\SelfCrossing.cpp">
      <Filter>Source Files</Filter>
    </ClCompile>
    <ClCompile Include="src\PeekingIterator.cpp">
      <Filter>Source Files</Filter>
    </ClCompile>
    <ClCompile Include="src\ExpressionAndOperators.cpp">
      <Filter>Source Files</Filter>
    </ClCompile>
  </ItemGroup>
</Project>